
Microsoft Visual Studio Solution File, Format Version 12.00
# Visual Studio Version 17
VisualStudioVersion = 17.2.32630.192
MinimumVisualStudioVersion = 10.0.40219.1
Project("{FAE04EC0-301F-11D3-BF4B-00C04F79EFBC}") = "TeamSurvey", "TeamSurvey\TeamSurvey.csproj", "{EBA2F412-7F02-4989-A7CA-75518D1E2F19}"
EndProject
Global
	GlobalSection(SolutionConfigurationPlatforms) = preSolution
		Debug|Any CPU = Debug|Any CPU
		Release|Any CPU = Release|Any CPU
	EndGlobalSection
	GlobalSection(ProjectConfigurationPlatforms) = postSolution
		{EBA2F412-7F02-4989-A7CA-75518D1E2F19}.Debug|Any CPU.ActiveCfg = Debug|Any CPU
		{EBA2F412-7F02-4989-A7CA-75518D1E2F19}.Debug|Any CPU.Build.0 = Debug|Any CPU
		{EBA2F412-7F02-4989-A7CA-75518D1E2F19}.Release|Any CPU.ActiveCfg = Release|Any CPU
		{EBA2F412-7F02-4989-A7CA-75518D1E2F19}.Release|Any CPU.Build.0 = Release|Any CPU
	EndGlobalSection
	GlobalSection(SolutionProperties) = preSolution
		HideSolutionNode = FALSE
	EndGlobalSection
	GlobalSection(ExtensibilityGlobals) = postSolution
		SolutionGuid = {E64AEF5B-7133-4EFC-B654-A352AF9BB428}
	EndGlobalSection
EndGlobal
